
Microsoft Visual Studio Solution File, Format Version 12.00
# Visual Studio Version 17
VisualStudioVersion = 17.5.2.0
MinimumVisualStudioVersion = 10.0.40219.1
Project("{2150E333-8FDC-42A3-9474-1A3956D46DE8}") = "app", "app", "{F95F473B-E98A-ACD6-1986-755F447BE36F}"
EndProject
Project("{FAE04EC0-301F-11D3-BF4B-00C04F79EFBC}") = "KidControlGantt.App", "app\KidControlGantt.App.csproj", "{E16CCA19-3F0A-6C14-9DF7-8395938979DF}"
EndProject
Project("{2150E333-8FDC-42A3-9474-1A3956D46DE8}") = "tests", "tests", "{0AB3BF05-4346-4AA6-1389-037BE0695223}"
EndProject
Project("{FAE04EC0-301F-11D3-BF4B-00C04F79EFBC}") = "KidControlGantt.Tests", "tests\KidControlGantt.Tests\KidControlGantt.Tests.csproj", "{B8E4542D-8AFF-4B72-B97A-E4C1F7990989}"
EndProject
Global
	GlobalSection(SolutionConfigurationPlatforms) = preSolution
		Debug|Any CPU = Debug|Any CPU
		Debug|x64 = Debug|x64
		Debug|x86 = Debug|x86
		Release|Any CPU = Release|Any CPU
		Release|x64 = Release|x64
		Release|x86 = Release|x86
	EndGlobalSection
	GlobalSection(ProjectConfigurationPlatforms) = postSolution
		{E16CCA19-3F0A-6C14-9DF7-8395938979DF}.Debug|Any CPU.ActiveCfg = Debug|Any CPU
		{E16CCA19-3F0A-6C14-9DF7-8395938979DF}.Debug|Any CPU.Build.0 = Debug|Any CPU
		{E16CCA19-3F0A-6C14-9DF7-8395938979DF}.Debug|x64.ActiveCfg = Debug|Any CPU
		{E16CCA19-3F0A-6C14-9DF7-8395938979DF}.Debug|x64.Build.0 = Debug|Any CPU
		{E16CCA19-3F0A-6C14-9DF7-8395938979DF}.Debug|x86.ActiveCfg = Debug|Any CPU
		{E16CCA19-3F0A-6C14-9DF7-8395938979DF}.Debug|x86.Build.0 = Debug|Any CPU
		{E16CCA19-3F0A-6C14-9DF7-8395938979DF}.Release|Any CPU.ActiveCfg = Release|Any CPU
		{E16CCA19-3F0A-6C14-9DF7-8395938979DF}.Release|Any CPU.Build.0 = Release|Any CPU
		{E16CCA19-3F0A-6C14-9DF7-8395938979DF}.Release|x64.ActiveCfg = Release|Any CPU
		{E16CCA19-3F0A-6C14-9DF7-8395938979DF}.Release|x64.Build.0 = Release|Any CPU
		{E16CCA19-3F0A-6C14-9DF7-8395938979DF}.Release|x86.ActiveCfg = Release|Any CPU
		{E16CCA19-3F0A-6C14-9DF7-8395938979DF}.Release|x86.Build.0 = Release|Any CPU
		{B8E4542D-8AFF-4B72-B97A-E4C1F7990989}.Debug|Any CPU.ActiveCfg = Debug|Any CPU
		{B8E4542D-8AFF-4B72-B97A-E4C1F7990989}.Debug|Any CPU.Build.0 = Debug|Any CPU
		{B8E4542D-8AFF-4B72-B97A-E4C1F7990989}.Debug|x64.ActiveCfg = Debug|Any CPU
		{B8E4542D-8AFF-4B72-B97A-E4C1F7990989}.Debug|x64.Build.0 = Debug|Any CPU
		{B8E4542D-8AFF-4B72-B97A-E4C1F7990989}.Debug|x86.ActiveCfg = Debug|Any CPU
		{B8E4542D-8AFF-4B72-B97A-E4C1F7990989}.Debug|x86.Build.0 = Debug|Any CPU
		{B8E4542D-8AFF-4B72-B97A-E4C1F7990989}.Release|Any CPU.ActiveCfg = Release|Any CPU
		{B8E4542D-8AFF-4B72-B97A-E4C1F7990989}.Release|Any CPU.Build.0 = Release|Any CPU
		{B8E4542D-8AFF-4B72-B97A-E4C1F7990989}.Release|x64.ActiveCfg = Release|Any CPU
		{B8E4542D-8AFF-4B72-B97A-E4C1F7990989}.Release|x64.Build.0 = Release|Any CPU
		{B8E4542D-8AFF-4B72-B97A-E4C1F7990989}.Release|x86.ActiveCfg = Release|Any CPU
		{B8E4542D-8AFF-4B72-B97A-E4C1F7990989}.Release|x86.Build.0 = Release|Any CPU
	EndGlobalSection
	GlobalSection(SolutionProperties) = preSolution
		HideSolutionNode = FALSE
	EndGlobalSection
	GlobalSection(NestedProjects) = preSolution
		{E16CCA19-3F0A-6C14-9DF7-8395938979DF} = {F95F473B-E98A-ACD6-1986-755F447BE36F}
		{B8E4542D-8AFF-4B72-B97A-E4C1F7990989} = {0AB3BF05-4346-4AA6-1389-037BE0695223}
	EndGlobalSection
	GlobalSection(ExtensibilityGlobals) = postSolution
		SolutionGuid = {65A26F24-44EB-4682-8BFA-6F6FAA1DA33E}
	EndGlobalSection
EndGlobal
